
Microsoft Visual Studio Solution File, Format Version 12.00
Project("{FAE04EC0-301F-11D3-BF4B-00C04F79EFBC}") = "BRL.Rules", "BRL.Rules\BRL.Rules.csproj", "{76967F4C-C99F-40FD-B8E0-C647F74F2C6C}"
EndProject
Global
	GlobalSection(SolutionConfigurationPlatforms) = preSolution
		Debug|Any CPU = Debug|Any CPU
		Release|Any CPU = Release|Any CPU
	EndGlobalSection
	GlobalSection(ProjectConfigurationPlatforms) = postSolution
		{76967F4C-C99F-40FD-B8E0-C647F74F2C6C}.Debug|Any CPU.ActiveCfg = Debug|Any CPU
		{76967F4C-C99F-40FD-B8E0-C647F74F2C6C}.Debug|Any CPU.Build.0 = Debug|Any CPU
		{76967F4C-C99F-40FD-B8E0-C647F74F2C6C}.Release|Any CPU.ActiveCfg = Release|Any CPU
		{76967F4C-C99F-40FD-B8E0-C647F74F2C6C}.Release|Any CPU.Build.0 = Release|Any CPU
	EndGlobalSection
EndGlobal
